
Microsoft Visual Studio Solution File, Format Version 12.00
# Visual Studio Version 16
VisualStudioVersion = 16.0.30225.117
MinimumVisualStudioVersion = 10.0.40219.1
Project("{9A19103F-16F7-4668-BE54-9A1E7A4F7556}") = "TestTask", "TestTask\TestTask.csproj", "{99A48EE3-F9CC-4A02-A4E8-0DED1007C0BF}"
EndProject
Global
	GlobalSection(SolutionConfigurationPlatforms) = preSolution
		Debug|Any CPU = Debug|Any CPU
		Release|Any CPU = Release|Any CPU
	EndGlobalSection
	GlobalSection(ProjectConfigurationPlatforms) = postSolution
		{99A48EE3-F9CC-4A02-A4E8-0DED1007C0BF}.Debug|Any CPU.ActiveCfg = Debug|Any CPU
		{99A48EE3-F9CC-4A02-A4E8-0DED1007C0BF}.Debug|Any CPU.Build.0 = Debug|Any CPU
		{99A48EE3-F9CC-4A02-A4E8-0DED1007C0BF}.Release|Any CPU.ActiveCfg = Release|Any CPU
		{99A48EE3-F9CC-4A02-A4E8-0DED1007C0BF}.Release|Any CPU.Build.0 = Release|Any CPU
	EndGlobalSection
	GlobalSection(SolutionProperties) = preSolution
		HideSolutionNode = FALSE
	EndGlobalSection
	GlobalSection(ExtensibilityGlobals) = postSolution
		SolutionGuid = {48935FAA-153F-41CB-AB89-BD7ECEA4E2C4}
	EndGlobalSection
EndGlobal
